
Microsoft Visual Studio Solution File, Format Version 12.00
# Visual Studio Version 16
VisualStudioVersion = 25.0.1704.4
MinimumVisualStudioVersion = 10.0.40219.1
Project("{FAE04EC0-301F-11D3-BF4B-00C04F79EFBC}") = "RomanNumbersCalculator", "RomanNumbersCalculator\RomanNumbersCalculator.csproj", "{62BE1E7F-D466-453B-A720-19B3686C9D36}"
EndProject
Project("{FAE04EC0-301F-11D3-BF4B-00C04F79EFBC}") = "UITestsForRomanNumbersCalculator", "UITestsForRomanNumbersCalculator\UITestsForRomanNumbersCalculator.csproj", "{35BB96D5-3CF3-42DB-89B3-46E039FE773B}"
EndProject
Global
	GlobalSection(SolutionConfigurationPlatforms) = preSolution
		Debug|Any CPU = Debug|Any CPU
		Release|Any CPU = Release|Any CPU
	EndGlobalSection
	GlobalSection(ProjectConfigurationPlatforms) = postSolution
		{62BE1E7F-D466-453B-A720-19B3686C9D36}.Debug|Any CPU.ActiveCfg = Debug|Any CPU
		{62BE1E7F-D466-453B-A720-19B3686C9D36}.Debug|Any CPU.Build.0 = Debug|Any CPU
		{62BE1E7F-D466-453B-A720-19B3686C9D36}.Release|Any CPU.ActiveCfg = Release|Any CPU
		{62BE1E7F-D466-453B-A720-19B3686C9D36}.Release|Any CPU.Build.0 = Release|Any CPU
		{35BB96D5-3CF3-42DB-89B3-46E039FE773B}.Debug|Any CPU.ActiveCfg = Debug|Any CPU
		{35BB96D5-3CF3-42DB-89B3-46E039FE773B}.Debug|Any CPU.Build.0 = Debug|Any CPU
		{35BB96D5-3CF3-42DB-89B3-46E039FE773B}.Release|Any CPU.ActiveCfg = Release|Any CPU
		{35BB96D5-3CF3-42DB-89B3-46E039FE773B}.Release|Any CPU.Build.0 = Release|Any CPU
	EndGlobalSection
	GlobalSection(SolutionProperties) = preSolution
		HideSolutionNode = FALSE
	EndGlobalSection
	GlobalSection(ExtensibilityGlobals) = postSolution
		SolutionGuid = {4347BF79-8352-43F6-B221-370030F91291}
	EndGlobalSection
EndGlobal
